
Microsoft Visual Studio Solution File, Format Version 12.00
# Visual Studio 15
VisualStudioVersion = 15.0.26228.9
MinimumVisualStudioVersion = 10.0.40219.1
Project("{2150E333-8FDC-42A3-9474-1A3956D46DE8}") = "src", "src", "{AFAA0841-BD93-466F-B8F4-FB4EEC86F1FC}"
EndProject
Project("{2150E333-8FDC-42A3-9474-1A3956D46DE8}") = "test", "test", "{F10AA149-2626-486E-85BB-9CD5365F3016}"
EndProject
Project("{9A19103F-16F7-4668-BE54-9A1E7A4F7556}") = "CROPS.Core", "src\CROPS.Core\CROPS.Core.csproj", "{0FA75A5B-AB83-4FD0-B545-279774C01E87}"
EndProject
Project("{9A19103F-16F7-4668-BE54-9A1E7A4F7556}") = "CROPS.Application", "src\CROPS.Application\CROPS.Application.csproj", "{3870C648-4AEA-4B85-BA3F-F2F63B96136A}"
EndProject
Project("{9A19103F-16F7-4668-BE54-9A1E7A4F7556}") = "CROPS.Tests", "test\CROPS.Tests\CROPS.Tests.csproj", "{0D4C5D00-C144-4213-A007-4B8944113AB1}"
EndProject
Project("{9A19103F-16F7-4668-BE54-9A1E7A4F7556}") = "CROPS.Web.Host", "src\CROPS.Web.Host\CROPS.Web.Host.csproj", "{38E184BD-E874-4633-A947-AED4FDB73F40}"
EndProject
Project("{9A19103F-16F7-4668-BE54-9A1E7A4F7556}") = "CROPS.Web.Core", "src\CROPS.Web.Core\CROPS.Web.Core.csproj", "{22CFE0D2-8DCA-42D7-AD7D-784C3862493F}"
EndProject
Project("{9A19103F-16F7-4668-BE54-9A1E7A4F7556}") = "CROPS.EntityFrameworkCore", "src\CROPS.EntityFrameworkCore\CROPS.EntityFrameworkCore.csproj", "{E0580562-F8F2-4EBB-B07A-ABFC6F2C314F}"
EndProject
Project("{2150E333-8FDC-42A3-9474-1A3956D46DE8}") = "Solution Items", "Solution Items", "{DB2F8035-751D-4505-9836-F5FEA681D06E}"
	ProjectSection(SolutionItems) = preProject
		.gitignore = .gitignore
		CROPS.ruleset = CROPS.ruleset
		stylecop.json = stylecop.json
	EndProjectSection
EndProject
Project("{9A19103F-16F7-4668-BE54-9A1E7A4F7556}") = "CROPS.TFS", "src\CROPS.TFS\CROPS.TFS.csproj", "{715F25B1-026B-4C33-B68A-39F777EA2603}"
EndProject
Project("{9A19103F-16F7-4668-BE54-9A1E7A4F7556}") = "CROPS.TFSOnline", "src\CROPS.TFSOnline\CROPS.TFSOnline.csproj", "{D383D93B-4830-405F-8A86-5BCF1A3A2A00}"
EndProject
Project("{9A19103F-16F7-4668-BE54-9A1E7A4F7556}") = "CROPS.PowerBI", "src\CROPS.PowerBI\CROPS.PowerBI.csproj", "{74A7368E-7F41-430A-8CF4-36BF685662BF}"
EndProject
Project("{FAE04EC0-301F-11D3-BF4B-00C04F79EFBC}") = "CROPS.FileSystem", "CROPS.FileSystem\CROPS.FileSystem.csproj", "{CB8F5C23-0456-4650-AD50-C577760C499B}"
EndProject
Global
	GlobalSection(SolutionConfigurationPlatforms) = preSolution
		Debug|Any CPU = Debug|Any CPU
		Release|Any CPU = Release|Any CPU
	EndGlobalSection
	GlobalSection(ProjectConfigurationPlatforms) = postSolution
		{0FA75A5B-AB83-4FD0-B545-279774C01E87}.Debug|Any CPU.ActiveCfg = Debug|Any CPU
		{0FA75A5B-AB83-4FD0-B545-279774C01E87}.Debug|Any CPU.Build.0 = Debug|Any CPU
		{0FA75A5B-AB83-4FD0-B545-279774C01E87}.Release|Any CPU.ActiveCfg = Release|Any CPU
		{0FA75A5B-AB83-4FD0-B545-279774C01E87}.Release|Any CPU.Build.0 = Release|Any CPU
		{3870C648-4AEA-4B85-BA3F-F2F63B96136A}.Debug|Any CPU.ActiveCfg = Debug|Any CPU
		{3870C648-4AEA-4B85-BA3F-F2F63B96136A}.Debug|Any CPU.Build.0 = Debug|Any CPU
		{3870C648-4AEA-4B85-BA3F-F2F63B96136A}.Release|Any CPU.ActiveCfg = Release|Any CPU
		{3870C648-4AEA-4B85-BA3F-F2F63B96136A}.Release|Any CPU.Build.0 = Release|Any CPU
		{0D4C5D00-C144-4213-A007-4B8944113AB1}.Debug|Any CPU.ActiveCfg = Debug|Any CPU
		{0D4C5D00-C144-4213-A007-4B8944113AB1}.Debug|Any CPU.Build.0 = Debug|Any CPU
		{0D4C5D00-C144-4213-A007-4B8944113AB1}.Release|Any CPU.ActiveCfg = Release|Any CPU
		{0D4C5D00-C144-4213-A007-4B8944113AB1}.Release|Any CPU.Build.0 = Release|Any CPU
		{38E184BD-E874-4633-A947-AED4FDB73F40}.Debug|Any CPU.ActiveCfg = Debug|Any CPU
		{38E184BD-E874-4633-A947-AED4FDB73F40}.Debug|Any CPU.Build.0 = Debug|Any CPU
		{38E184BD-E874-4633-A947-AED4FDB73F40}.Release|Any CPU.ActiveCfg = Release|Any CPU
		{38E184BD-E874-4633-A947-AED4FDB73F40}.Release|Any CPU.Build.0 = Release|Any CPU
		{22CFE0D2-8DCA-42D7-AD7D-784C3862493F}.Debug|Any CPU.ActiveCfg = Debug|Any CPU
		{22CFE0D2-8DCA-42D7-AD7D-784C3862493F}.Debug|Any CPU.Build.0 = Debug|Any CPU
		{22CFE0D2-8DCA-42D7-AD7D-784C3862493F}.Release|Any CPU.ActiveCfg = Release|Any CPU
		{22CFE0D2-8DCA-42D7-AD7D-784C3862493F}.Release|Any CPU.Build.0 = Release|Any CPU
		{E0580562-F8F2-4EBB-B07A-ABFC6F2C314F}.Debug|Any CPU.ActiveCfg = Debug|Any CPU
		{E0580562-F8F2-4EBB-B07A-ABFC6F2C314F}.Debug|Any CPU.Build.0 = Debug|Any CPU
		{E0580562-F8F2-4EBB-B07A-ABFC6F2C314F}.Release|Any CPU.ActiveCfg = Release|Any CPU
		{E0580562-F8F2-4EBB-B07A-ABFC6F2C314F}.Release|Any CPU.Build.0 = Release|Any CPU
		{715F25B1-026B-4C33-B68A-39F777EA2603}.Debug|Any CPU.ActiveCfg = Debug|Any CPU
		{715F25B1-026B-4C33-B68A-39F777EA2603}.Debug|Any CPU.Build.0 = Debug|Any CPU
		{715F25B1-026B-4C33-B68A-39F777EA2603}.Release|Any CPU.ActiveCfg = Release|Any CPU
		{715F25B1-026B-4C33-B68A-39F777EA2603}.Release|Any CPU.Build.0 = Release|Any CPU
		{D383D93B-4830-405F-8A86-5BCF1A3A2A00}.Debug|Any CPU.ActiveCfg = Debug|Any CPU
		{D383D93B-4830-405F-8A86-5BCF1A3A2A00}.Debug|Any CPU.Build.0 = Debug|Any CPU
		{D383D93B-4830-405F-8A86-5BCF1A3A2A00}.Release|Any CPU.ActiveCfg = Release|Any CPU
		{D383D93B-4830-405F-8A86-5BCF1A3A2A00}.Release|Any CPU.Build.0 = Release|Any CPU
		{74A7368E-7F41-430A-8CF4-36BF685662BF}.Debug|Any CPU.ActiveCfg = Debug|Any CPU
		{74A7368E-7F41-430A-8CF4-36BF685662BF}.Debug|Any CPU.Build.0 = Debug|Any CPU
		{74A7368E-7F41-430A-8CF4-36BF685662BF}.Release|Any CPU.ActiveCfg = Release|Any CPU
		{74A7368E-7F41-430A-8CF4-36BF685662BF}.Release|Any CPU.Build.0 = Release|Any CPU
		{CB8F5C23-0456-4650-AD50-C577760C499B}.Debug|Any CPU.ActiveCfg = Debug|Any CPU
		{CB8F5C23-0456-4650-AD50-C577760C499B}.Debug|Any CPU.Build.0 = Debug|Any CPU
		{CB8F5C23-0456-4650-AD50-C577760C499B}.Release|Any CPU.ActiveCfg = Release|Any CPU
		{CB8F5C23-0456-4650-AD50-C577760C499B}.Release|Any CPU.Build.0 = Release|Any CPU
	EndGlobalSection
	GlobalSection(SolutionProperties) = preSolution
		HideSolutionNode = FALSE
	EndGlobalSection
	GlobalSection(NestedProjects) = preSolution
		{0FA75A5B-AB83-4FD0-B545-279774C01E87} = {AFAA0841-BD93-466F-B8F4-FB4EEC86F1FC}
		{3870C648-4AEA-4B85-BA3F-F2F63B96136A} = {AFAA0841-BD93-466F-B8F4-FB4EEC86F1FC}
		{0D4C5D00-C144-4213-A007-4B8944113AB1} = {F10AA149-2626-486E-85BB-9CD5365F3016}
		{38E184BD-E874-4633-A947-AED4FDB73F40} = {AFAA0841-BD93-466F-B8F4-FB4EEC86F1FC}
		{22CFE0D2-8DCA-42D7-AD7D-784C3862493F} = {AFAA0841-BD93-466F-B8F4-FB4EEC86F1FC}
		{E0580562-F8F2-4EBB-B07A-ABFC6F2C314F} = {AFAA0841-BD93-466F-B8F4-FB4EEC86F1FC}
		{715F25B1-026B-4C33-B68A-39F777EA2603} = {AFAA0841-BD93-466F-B8F4-FB4EEC86F1FC}
		{D383D93B-4830-405F-8A86-5BCF1A3A2A00} = {AFAA0841-BD93-466F-B8F4-FB4EEC86F1FC}
		{74A7368E-7F41-430A-8CF4-36BF685662BF} = {AFAA0841-BD93-466F-B8F4-FB4EEC86F1FC}
		{CB8F5C23-0456-4650-AD50-C577760C499B} = {AFAA0841-BD93-466F-B8F4-FB4EEC86F1FC}
	EndGlobalSection
	GlobalSection(ExtensibilityGlobals) = postSolution
		SolutionGuid = {092B82BD-4D78-484B-AA33-E805D7E8CD5F}
	EndGlobalSection
EndGlobal
